
Microsoft Visual Studio Solution File, Format Version 12.00
# Visual Studio Version 18
VisualStudioVersion = 18.0.11012.119
MinimumVisualStudioVersion = 10.0.40219.1
Project("{FAE04EC0-301F-11D3-BF4B-00C04F79EFBC}") = "SmartMenuOptim.Shared", "SmartMenuOptim.Shared\SmartMenuOptim.Shared.csproj", "{3191AE81-0AB2-7651-147D-9FFC1BE6CA19}"
EndProject
Project("{2150E333-8FDC-42A3-9474-1A3956D46DE8}") = "GitHub Action", "GitHub Action", "{E3AFF49C-8323-4761-98B4-81C5B1ACA6DA}"
	ProjectSection(SolutionItems) = preProject
		.github\workflows\ci-cd.yml = .github\workflows\ci-cd.yml
	EndProjectSection
EndProject
Global
	GlobalSection(SolutionConfigurationPlatforms) = preSolution
		Debug|Any CPU = Debug|Any CPU
		Release|Any CPU = Release|Any CPU
	EndGlobalSection
	GlobalSection(ProjectConfigurationPlatforms) = postSolution
		{3191AE81-0AB2-7651-147D-9FFC1BE6CA19}.Debug|Any CPU.ActiveCfg = Debug|Any CPU
		{3191AE81-0AB2-7651-147D-9FFC1BE6CA19}.Debug|Any CPU.Build.0 = Debug|Any CPU
		{3191AE81-0AB2-7651-147D-9FFC1BE6CA19}.Release|Any CPU.ActiveCfg = Release|Any CPU
		{3191AE81-0AB2-7651-147D-9FFC1BE6CA19}.Release|Any CPU.Build.0 = Release|Any CPU
	EndGlobalSection
	GlobalSection(SolutionProperties) = preSolution
		HideSolutionNode = FALSE
	EndGlobalSection
	GlobalSection(ExtensibilityGlobals) = postSolution
		SolutionGuid = {C4B4FED1-8095-4F4B-985A-7C91BE81941D}
	EndGlobalSection
EndGlobal
